<?xml version="1.0" encoding="UTF-8" standalone="yes" ?>
<CodeBlocks_project_file>
	<FileVersion major="1" minor="6" />
	<Project>
		<Option title="Byte Server" />
		<Option pch_mode="2" />
		<Option compiler="gcc" />
		<Build>
			<Target title="Debug">
				<Option output="..\..\..\bin\Byte Server" prefix_auto="1" extension_auto="1" />
				<Option working_dir="..\..\..\bin\" />
				<Option object_output="..\..\..\obj\" />
				<Option type="1" />
				<Option compiler="gcc" />
				<Compiler>
					<Add option="-g" />
					<Add option="-std=c99" />
					<Add option="-ggdb3" />
					<Add option="-DGLEW_STATIC" />
					<Add directory="..\..\..\ext\" />
					<Add directory="..\..\..\src\" />
				</Compiler>
				<Linker>
					<Add option="-lglfwWIN" />
					<Add option="-lfreetype" />
					<Add option="-lz" />
					<Add option="-lpng" />
					<Add option="-lwsock32" />
					<Add option="-lopengl32" />
					<Add option="-static-libgcc" />
					<Add directory="..\..\..\ext\" />
				</Linker>
			</Target>
			<Target title="Release">
				<Option output="..\..\..\bin\Byte Server" prefix_auto="1" extension_auto="1" />
				<Option object_output="..\..\..\obj\" />
				<Option type="1" />
				<Option compiler="gcc" />
				<Compiler>
					<Add option="-O2" />
				</Compiler>
				<Linker>
					<Add option="-s" />
				</Linker>
			</Target>
		</Build>
		<Compiler>
			<Add option="-Wall" />
		</Compiler>
		<Unit filename="..\..\..\ext\json\cJSON.c">
			<Option compilerVar="CC" />
		</Unit>
		<Unit filename="..\..\..\src\common\actor.c">
			<Option compilerVar="CC" />
		</Unit>
		<Unit filename="..\..\..\src\common\actor.h" />
		<Unit filename="..\..\..\src\common\clock.c">
			<Option compilerVar="CC" />
		</Unit>
		<Unit filename="..\..\..\src\common\clock.h" />
		<Unit filename="..\..\..\src\common\color.c">
			<Option compilerVar="CC" />
		</Unit>
		<Unit filename="..\..\..\src\common\color.h" />
		<Unit filename="..\..\..\src\common\common.c">
			<Option compilerVar="CC" />
		</Unit>
		<Unit filename="..\..\..\src\common\common.h" />
		<Unit filename="..\..\..\src\common\debug.c">
			<Option compilerVar="CC" />
		</Unit>
		<Unit filename="..\..\..\src\common\debug.h" />
		<Unit filename="..\..\..\src\common\handlemanager.c">
			<Option compilerVar="CC" />
		</Unit>
		<Unit filename="..\..\..\src\common\handlemanager.h" />
		<Unit filename="..\..\..\src\common\map.c">
			<Option compilerVar="CC" />
		</Unit>
		<Unit filename="..\..\..\src\common\map.h" />
		<Unit filename="..\..\..\src\common\matrix.c">
			<Option compilerVar="CC" />
		</Unit>
		<Unit filename="..\..\..\src\common\matrix.h" />
		<Unit filename="..\..\..\src\common\net.c">
			<Option compilerVar="CC" />
		</Unit>
		<Unit filename="..\..\..\src\common\net.h" />
		<Unit filename="..\..\..\src\common\vector.c">
			<Option compilerVar="CC" />
		</Unit>
		<Unit filename="..\..\..\src\common\vector.h" />
		<Unit filename="..\..\..\src\common\world.c">
			<Option compilerVar="CC" />
		</Unit>
		<Unit filename="..\..\..\src\common\world.h" />
		<Unit filename="..\..\..\src\server\main.c">
			<Option compilerVar="CC" />
		</Unit>
		<Unit filename="..\..\..\src\server\server.c">
			<Option compilerVar="CC" />
		</Unit>
		<Unit filename="..\..\..\src\server\server.h" />
		<Extensions>
			<code_completion />
			<debugger />
		</Extensions>
	</Project>
</CodeBlocks_project_file>
