<?xml version="1.0" encoding="UTF-8" standalone="yes" ?>
<CodeBlocks_project_file>
	<FileVersion major="1" minor="6" />
	<Project>
		<Option title="Byte" />
		<Option pch_mode="2" />
		<Option compiler="gcc" />
		<Build>
			<Target title="Debug">
				<Option output="..\..\bin\Byte" prefix_auto="1" extension_auto="1" />
				<Option working_dir="..\..\bin\" />
				<Option object_output="debug\" />
				<Option type="1" />
				<Option compiler="gcc" />
				<Compiler>
					<Add option="-Wall" />
					<Add option="-std=gnu99" />
					<Add option="-ggdb3" />
					<Add option="-DGLEW_STATIC" />
					<Add directory="..\..\ext" />
					<Add directory="..\..\ext\json" />
					<Add directory="..\..\src\" />
				</Compiler>
				<Linker>
					<Add option="-lglfw" />
					<Add option="-lfreetype" />
					<Add option="-lz" />
					<Add option="-lpng" />
					<Add option="-lopengl32" />
					<Add option="-static-libgcc" />
					<Add directory="..\..\ext" />
				</Linker>
				<MakeCommands>
					<Build command="mingw32-make.exe -f $makefile Byte" />
					<CompileFile command="mingw32-make.exe -f $makefile $file" />
					<Clean command="mingw32-make.exe -f $makefile cleanByte" />
					<DistClean command="$make -f $makefile distclean$target" />
					<AskRebuildNeeded command="mingw32-make.exe -q -f $makefile Byte" />
					<SilentBuild command="mingw32-make.exe -s -f $makefile Byte" />
				</MakeCommands>
			</Target>
			<Target title="Release">
				<Option output="..\..\bin\Byte" prefix_auto="1" extension_auto="1" />
				<Option working_dir="..\..\bin\" />
				<Option object_output="release\" />
				<Option type="1" />
				<Option compiler="gcc" />
				<Compiler>
					<Add option="-O2" />
				</Compiler>
				<Linker>
					<Add option="-s" />
				</Linker>
			</Target>
		</Build>
		<Compiler>
			<Add option="-Wall" />
		</Compiler>
		<Unit filename="..\..\ext\GL\glewWIN.c">
			<Option compilerVar="CC" />
		</Unit>
		<Unit filename="..\..\ext\json\cJSON.c">
			<Option compilerVar="CC" />
		</Unit>
		<Unit filename="..\..\src\agent.c">
			<Option compilerVar="CC" />
		</Unit>
		<Unit filename="..\..\src\agent.h" />
		<Unit filename="..\..\src\anim.c">
			<Option compilerVar="CC" />
		</Unit>
		<Unit filename="..\..\src\anim.h" />
		<Unit filename="..\..\src\common\clock.c">
			<Option compilerVar="CC" />
		</Unit>
		<Unit filename="..\..\src\common\clock.h" />
		<Unit filename="..\..\src\common\color.c">
			<Option compilerVar="CC" />
		</Unit>
		<Unit filename="..\..\src\common\color.h" />
		<Unit filename="..\..\src\common\common.c">
			<Option compilerVar="CC" />
		</Unit>
		<Unit filename="..\..\src\common\common.h" />
		<Unit filename="..\..\src\common\debug.c">
			<Option compilerVar="CC" />
		</Unit>
		<Unit filename="..\..\src\common\debug.h" />
		<Unit filename="..\..\src\common\handlemanager.c">
			<Option compilerVar="CC" />
		</Unit>
		<Unit filename="..\..\src\common\handlemanager.h" />
		<Unit filename="..\..\src\common\matrix.c">
			<Option compilerVar="CC" />
		</Unit>
		<Unit filename="..\..\src\common\matrix.h" />
		<Unit filename="..\..\src\common\vector.c">
			<Option compilerVar="CC" />
		</Unit>
		<Unit filename="..\..\src\common\vector.h" />
		<Unit filename="..\..\src\event.c">
			<Option compilerVar="CC" />
		</Unit>
		<Unit filename="..\..\src\event.h" />
		<Unit filename="..\..\src\game.c">
			<Option compilerVar="CC" />
		</Unit>
		<Unit filename="..\..\src\game.h" />
		<Unit filename="..\..\src\gui.c">
			<Option compilerVar="CC" />
		</Unit>
		<Unit filename="..\..\src\gui.h" />
		<Unit filename="..\..\src\keys.h" />
		<Unit filename="..\..\src\main.c">
			<Option compilerVar="CC" />
		</Unit>
		<Unit filename="..\..\src\map.c">
			<Option compilerVar="CC" />
		</Unit>
		<Unit filename="..\..\src\map.h" />
		<Unit filename="..\..\src\render\camera.c">
			<Option compilerVar="CC" />
		</Unit>
		<Unit filename="..\..\src\render\camera.h" />
		<Unit filename="..\..\src\render\context.c">
			<Option compilerVar="CC" />
		</Unit>
		<Unit filename="..\..\src\render\context.h" />
		<Unit filename="..\..\src\render\light.c">
			<Option compilerVar="CC" />
		</Unit>
		<Unit filename="..\..\src\render\light.h" />
		<Unit filename="..\..\src\render\mesh.c">
			<Option compilerVar="CC" />
		</Unit>
		<Unit filename="..\..\src\render\mesh.h" />
		<Unit filename="..\..\src\render\renderer.c">
			<Option compilerVar="CC" />
		</Unit>
		<Unit filename="..\..\src\render\renderer.h" />
		<Unit filename="..\..\src\render\scene.c">
			<Option compilerVar="CC" />
		</Unit>
		<Unit filename="..\..\src\render\scene.h" />
		<Unit filename="..\..\src\render\shader.c">
			<Option compilerVar="CC" />
		</Unit>
		<Unit filename="..\..\src\render\shader.h" />
		<Unit filename="..\..\src\render\sprite.c">
			<Option compilerVar="CC" />
		</Unit>
		<Unit filename="..\..\src\render\sprite.h" />
		<Unit filename="..\..\src\render\static.c">
			<Option compilerVar="CC" />
		</Unit>
		<Unit filename="..\..\src\render\static.h" />
		<Unit filename="..\..\src\render\text.c">
			<Option compilerVar="CC" />
		</Unit>
		<Unit filename="..\..\src\render\text.h" />
		<Unit filename="..\..\src\render\texture.c">
			<Option compilerVar="CC" />
		</Unit>
		<Unit filename="..\..\src\render\texture.h" />
		<Unit filename="..\..\src\render\widget.c">
			<Option compilerVar="CC" />
		</Unit>
		<Unit filename="..\..\src\render\widget.h" />
		<Unit filename="..\..\src\resource.c">
			<Option compilerVar="CC" />
		</Unit>
		<Unit filename="..\..\src\resource.h" />
		<Unit filename="..\..\src\wall.c">
			<Option compilerVar="CC" />
		</Unit>
		<Unit filename="..\..\src\wall.h" />
		<Unit filename="..\..\src\world.c">
			<Option compilerVar="CC" />
		</Unit>
		<Unit filename="..\..\src\world.h" />
		<Extensions>
			<code_completion />
			<debugger />
		</Extensions>
	</Project>
</CodeBlocks_project_file>
