<?xml version="1.0" encoding="UTF-8" standalone="yes" ?>
<CodeBlocks_project_file>
	<FileVersion major="1" minor="6" />
	<Project>
		<Option title="Byte Client" />
		<Option pch_mode="2" />
		<Option compiler="gcc" />
		<Build>
			<Target title="Debug">
				<Option output="..\..\..\bin\Byte" prefix_auto="1" extension_auto="1" />
				<Option working_dir="..\..\..\bin\" />
				<Option object_output="..\..\..\obj\" />
				<Option type="1" />
				<Option compiler="gcc" />
				<Compiler>
					<Add option="-g" />
					<Add option="-std=c99" />
					<Add option="-ggdb3" />
					<Add option="-DGLEW_STATIC" />
					<Add directory="..\..\..\ext" />
					<Add directory="..\..\..\ext\json" />
					<Add directory="..\..\..\src\" />
				</Compiler>
				<Linker>
					<Add option="-lglfwWIN" />
					<Add option="-lfreetype" />
					<Add option="-lz" />
					<Add option="-lpng" />
					<Add option="-lwsock32" />
					<Add option="-lopengl32" />
					<Add option="-static-libgcc" />
					<Add directory="..\..\..\ext" />
				</Linker>
				<MakeCommands>
					<Build command="mingw32-make.exe -f $makefile Byte" />
					<CompileFile command="mingw32-make.exe -f $makefile $file" />
					<Clean command="mingw32-make.exe -f $makefile cleanByte" />
					<DistClean command="$make -f $makefile distclean$target" />
					<AskRebuildNeeded command="mingw32-make.exe -q -f $makefile Byte" />
					<SilentBuild command="mingw32-make.exe -s -f $makefile Byte" />
				</MakeCommands>
			</Target>
			<Target title="Release">
				<Option output="bin\Release\Byte" prefix_auto="1" extension_auto="1" />
				<Option object_output="obj\Release\" />
				<Option type="1" />
				<Option compiler="gcc" />
				<Compiler>
					<Add option="-O2" />
				</Compiler>
				<Linker>
					<Add option="-s" />
				</Linker>
			</Target>
		</Build>
		<Compiler>
			<Add option="-Wall" />
		</Compiler>
		<Unit filename="..\..\..\ext\GL\glewWIN.c">
			<Option compilerVar="CC" />
		</Unit>
		<Unit filename="..\..\..\ext\json\cJSON.c">
			<Option compilerVar="CC" />
		</Unit>
		<Unit filename="..\..\..\src\client\camera.c">
			<Option compilerVar="CC" />
		</Unit>
		<Unit filename="..\..\..\src\client\camera.h" />
		<Unit filename="..\..\..\src\client\client.c">
			<Option compilerVar="CC" />
		</Unit>
		<Unit filename="..\..\..\src\client\client.h" />
		<Unit filename="..\..\..\src\client\context.c">
			<Option compilerVar="CC" />
		</Unit>
		<Unit filename="..\..\..\src\client\context.h" />
		<Unit filename="..\..\..\src\client\event.c">
			<Option compilerVar="CC" />
		</Unit>
		<Unit filename="..\..\..\src\client\event.h" />
		<Unit filename="..\..\..\src\client\game.c">
			<Option compilerVar="CC" />
		</Unit>
		<Unit filename="..\..\..\src\client\game.h" />
		<Unit filename="..\..\..\src\client\gui.c">
			<Option compilerVar="CC" />
		</Unit>
		<Unit filename="..\..\..\src\client\gui.h" />
		<Unit filename="..\..\..\src\client\keys.h" />
		<Unit filename="..\..\..\src\client\light.c">
			<Option compilerVar="CC" />
		</Unit>
		<Unit filename="..\..\..\src\client\light.h" />
		<Unit filename="..\..\..\src\client\main.c">
			<Option compilerVar="CC" />
		</Unit>
		<Unit filename="..\..\..\src\client\mesh.c">
			<Option compilerVar="CC" />
		</Unit>
		<Unit filename="..\..\..\src\client\mesh.h" />
		<Unit filename="..\..\..\src\client\renderer.c">
			<Option compilerVar="CC" />
		</Unit>
		<Unit filename="..\..\..\src\client\renderer.h" />
		<Unit filename="..\..\..\src\client\resource.c">
			<Option compilerVar="CC" />
		</Unit>
		<Unit filename="..\..\..\src\client\resource.h" />
		<Unit filename="..\..\..\src\client\scene.c">
			<Option compilerVar="CC" />
		</Unit>
		<Unit filename="..\..\..\src\client\scene.h" />
		<Unit filename="..\..\..\src\client\shader.c">
			<Option compilerVar="CC" />
		</Unit>
		<Unit filename="..\..\..\src\client\shader.h" />
		<Unit filename="..\..\..\src\client\sprite.c">
			<Option compilerVar="CC" />
		</Unit>
		<Unit filename="..\..\..\src\client\sprite.h" />
		<Unit filename="..\..\..\src\client\text.c">
			<Option compilerVar="CC" />
		</Unit>
		<Unit filename="..\..\..\src\client\text.h" />
		<Unit filename="..\..\..\src\client\texture.c">
			<Option compilerVar="CC" />
		</Unit>
		<Unit filename="..\..\..\src\client\texture.h" />
		<Unit filename="..\..\..\src\client\widget.c">
			<Option compilerVar="CC" />
		</Unit>
		<Unit filename="..\..\..\src\client\widget.h" />
		<Unit filename="..\..\..\src\common\actor.c">
			<Option compilerVar="CC" />
		</Unit>
		<Unit filename="..\..\..\src\common\actor.h" />
		<Unit filename="..\..\..\src\common\clock.c">
			<Option compilerVar="CC" />
		</Unit>
		<Unit filename="..\..\..\src\common\clock.h" />
		<Unit filename="..\..\..\src\common\color.c">
			<Option compilerVar="CC" />
		</Unit>
		<Unit filename="..\..\..\src\common\color.h" />
		<Unit filename="..\..\..\src\common\common.c">
			<Option compilerVar="CC" />
		</Unit>
		<Unit filename="..\..\..\src\common\common.h" />
		<Unit filename="..\..\..\src\common\debug.c">
			<Option compilerVar="CC" />
		</Unit>
		<Unit filename="..\..\..\src\common\debug.h" />
		<Unit filename="..\..\..\src\common\handlemanager.c">
			<Option compilerVar="CC" />
		</Unit>
		<Unit filename="..\..\..\src\common\handlemanager.h" />
		<Unit filename="..\..\..\src\common\map.c">
			<Option compilerVar="CC" />
		</Unit>
		<Unit filename="..\..\..\src\common\map.h" />
		<Unit filename="..\..\..\src\common\matrix.c">
			<Option compilerVar="CC" />
		</Unit>
		<Unit filename="..\..\..\src\common\matrix.h" />
		<Unit filename="..\..\..\src\common\net.c">
			<Option compilerVar="CC" />
		</Unit>
		<Unit filename="..\..\..\src\common\net.h" />
		<Unit filename="..\..\..\src\common\vector.c">
			<Option compilerVar="CC" />
		</Unit>
		<Unit filename="..\..\..\src\common\vector.h" />
		<Unit filename="..\..\..\src\common\world.c">
			<Option compilerVar="CC" />
		</Unit>
		<Unit filename="..\..\..\src\common\world.h" />
		<Extensions>
			<code_completion />
			<debugger />
		</Extensions>
	</Project>
</CodeBlocks_project_file>
